
Microsoft Visual Studio Solution File, Format Version 12.00
# Visual Studio Version 16
VisualStudioVersion = 16.0.30320.27
MinimumVisualStudioVersion = 10.0.40219.1
Project("{8BC9CEB8-8B4A-11D0-8D11-00A0C91BC942}") = "Tesys [oop exam]", "Tesys [oop exam]\Tesys [oop exam].vcxproj", "{43918BCE-3982-4C74-AAF4-116E3C26653E}"
EndProject
Global
	GlobalSection(SolutionConfigurationPlatforms) = preSolution
		Debug|x64 = Debug|x64
		Debug|x86 = Debug|x86
		Release|x64 = Release|x64
		Release|x86 = Release|x86
	EndGlobalSection
	GlobalSection(ProjectConfigurationPlatforms) = postSolution
		{43918BCE-3982-4C74-AAF4-116E3C26653E}.Debug|x64.ActiveCfg = Debug|x64
		{43918BCE-3982-4C74-AAF4-116E3C26653E}.Debug|x64.Build.0 = Debug|x64
		{43918BCE-3982-4C74-AAF4-116E3C26653E}.Debug|x86.ActiveCfg = Debug|Win32
		{43918BCE-3982-4C74-AAF4-116E3C26653E}.Debug|x86.Build.0 = Debug|Win32
		{43918BCE-3982-4C74-AAF4-116E3C26653E}.Release|x64.ActiveCfg = Release|x64
		{43918BCE-3982-4C74-AAF4-116E3C26653E}.Release|x64.Build.0 = Release|x64
		{43918BCE-3982-4C74-AAF4-116E3C26653E}.Release|x86.ActiveCfg = Release|Win32
		{43918BCE-3982-4C74-AAF4-116E3C26653E}.Release|x86.Build.0 = Release|Win32
	EndGlobalSection
	GlobalSection(SolutionProperties) = preSolution
		HideSolutionNode = FALSE
	EndGlobalSection
	GlobalSection(ExtensibilityGlobals) = postSolution
		SolutionGuid = {FE939DB1-4AD8-4E53-9408-0DF0D3E93052}
	EndGlobalSection
EndGlobal
