
Microsoft Visual Studio Solution File, Format Version 12.00
# Visual Studio Version 16
VisualStudioVersion = 16.0.30204.135
MinimumVisualStudioVersion = 10.0.40219.1
Project("{8BC9CEB8-8B4A-11D0-8D11-00A0C91BC942}") = "Class work", "Class work\Class work.vcxproj", "{CF347D98-CBF6-47FC-8BF6-B4B84451E0B1}"
EndProject
Global
	GlobalSection(SolutionConfigurationPlatforms) = preSolution
		Debug|x64 = Debug|x64
		Debug|x86 = Debug|x86
		Release|x64 = Release|x64
		Release|x86 = Release|x86
	EndGlobalSection
	GlobalSection(ProjectConfigurationPlatforms) = postSolution
		{CF347D98-CBF6-47FC-8BF6-B4B84451E0B1}.Debug|x64.ActiveCfg = Debug|x64
		{CF347D98-CBF6-47FC-8BF6-B4B84451E0B1}.Debug|x64.Build.0 = Debug|x64
		{CF347D98-CBF6-47FC-8BF6-B4B84451E0B1}.Debug|x86.ActiveCfg = Debug|Win32
		{CF347D98-CBF6-47FC-8BF6-B4B84451E0B1}.Debug|x86.Build.0 = Debug|Win32
		{CF347D98-CBF6-47FC-8BF6-B4B84451E0B1}.Release|x64.ActiveCfg = Release|x64
		{CF347D98-CBF6-47FC-8BF6-B4B84451E0B1}.Release|x64.Build.0 = Release|x64
		{CF347D98-CBF6-47FC-8BF6-B4B84451E0B1}.Release|x86.ActiveCfg = Release|Win32
		{CF347D98-CBF6-47FC-8BF6-B4B84451E0B1}.Release|x86.Build.0 = Release|Win32
	EndGlobalSection
	GlobalSection(SolutionProperties) = preSolution
		HideSolutionNode = FALSE
	EndGlobalSection
	GlobalSection(ExtensibilityGlobals) = postSolution
		SolutionGuid = {F136CDDA-2755-4AAA-B07E-38C5713C7898}
	EndGlobalSection
EndGlobal
